# Generated by conda-lock.
# platform: win-64
# input_hash: 046effc6d259413954cb515e1202bb4bc42a503928a28f7fe7cc638f03269b18
@EXPLICIT
https://conda.anaconda.org/conda-forge/win-64/ca-certificates-2023.5.7-h56e8100_0.conda#604212634bd8c4d6f20d44b946e8eedb
https://conda.anaconda.org/nvidia/win-64/cuda-cccl-12.2.53-0.tar.bz2#2c11769eacdc048802f87dc54c7f4b17
https://conda.anaconda.org/nvidia/win-64/cuda-cudart-11.8.89-0.tar.bz2#cd0f6ab42e0ccba5f6899c531ea193c1
https://conda.anaconda.org/nvidia/win-64/cuda-cupti-11.8.87-0.tar.bz2#f18f6268a222d476c804d4adadd4926a
https://conda.anaconda.org/nvidia/win-64/cuda-nvrtc-11.8.89-0.tar.bz2#d692bd090a4a9638ac15709cde2400da
https://conda.anaconda.org/nvidia/win-64/cuda-nvtx-11.8.86-0.tar.bz2#7874207353c834d34217555785859dba
https://conda.anaconda.org/nvidia/win-64/cuda-profiler-api-12.2.53-0.tar.bz2#93cb84c3524a1612cbce98ead299c735
https://conda.anaconda.org/conda-forge/win-64/intel-openmp-2023.1.0-h57928b3_46319.conda#dbc4636f419722fbf3ab6501377228ba
https://conda.anaconda.org/nvidia/win-64/libcublas-11.11.3.6-0.tar.bz2#750e01875ed59059ae043d09d262968d
https://conda.anaconda.org/nvidia/win-64/libcufft-10.9.0.58-0.tar.bz2#df178db30b5abcaa0a5f3a369a1fe19c
https://conda.anaconda.org/nvidia/win-64/libcurand-10.3.3.53-0.tar.bz2#72f969b7d17b39ea89ae64ea425f769d
https://conda.anaconda.org/nvidia/win-64/libcusolver-11.4.1.48-0.tar.bz2#43cd3c2bcbdfac91708e96fe6b554676
https://conda.anaconda.org/nvidia/win-64/libcusparse-11.7.5.86-0.tar.bz2#b2cbca2503fdb48486228f97265fc4dd
https://conda.anaconda.org/nvidia/win-64/libnpp-11.8.0.86-0.tar.bz2#84696e7fac0af2c9fe57eec5e2ca56f5
https://conda.anaconda.org/nvidia/win-64/libnvjpeg-11.9.0.86-0.tar.bz2#9ddfe10567159ae9380d4b10d8cf1670
https://conda.anaconda.org/conda-forge/noarch/pybind11-abi-4-hd8ed1ab_3.tar.bz2#878f923dd6acc8aeb47a75da6c4098be
https://conda.anaconda.org/conda-forge/win-64/python_abi-3.10-3_cp310.conda#f4cfd883c0d91bb17164d8e34f4900d5
https://conda.anaconda.org/conda-forge/noarch/tzdata-2023c-h71feb2d_0.conda#939e3e74d8be4dac89ce83b20de2492a
https://conda.anaconda.org/conda-forge/win-64/ucrt-10.0.22621.0-h57928b3_0.tar.bz2#72608f6cd3e5898229c3ea16deb1ac43
https://conda.anaconda.org/nvidia/win-64/cuda-cudart-dev-11.8.89-0.tar.bz2#a4b0b3a1b7aa79ff39f6d3b1e7c62de3
https://conda.anaconda.org/nvidia/win-64/cuda-libraries-11.8.0-0.tar.bz2#4a0d16015f1480c6b6845a4d17b9563b
https://conda.anaconda.org/nvidia/win-64/cuda-nvrtc-dev-11.8.89-0.tar.bz2#18132d5744a60ec64ab62e35a7a4d618
https://conda.anaconda.org/nvidia/win-64/libcublas-dev-11.11.3.6-0.tar.bz2#ec868c016e21a206980c57cacc2d8fbc
https://conda.anaconda.org/nvidia/win-64/libcufft-dev-10.9.0.58-0.tar.bz2#3324bab83e7415785abdcc80ebceda72
https://conda.anaconda.org/nvidia/win-64/libcurand-dev-10.3.3.53-0.tar.bz2#5292dc6a9364a8b4ed2623ed6faf4654
https://conda.anaconda.org/nvidia/win-64/libcusolver-dev-11.4.1.48-0.tar.bz2#5be85962afcb4326fc6e80294d2b15e5
https://conda.anaconda.org/nvidia/win-64/libcusparse-dev-11.7.5.86-0.tar.bz2#e2fe98ab4b1442f85024c2fe96bc7a61
https://conda.anaconda.org/nvidia/win-64/libnpp-dev-11.8.0.86-0.tar.bz2#b7a4f974dec24d055e46217db1b263a6
https://conda.anaconda.org/nvidia/win-64/libnvjpeg-dev-11.9.0.86-0.tar.bz2#f116753a5673e7b113f5e06081059f6d
https://conda.anaconda.org/conda-forge/win-64/vc14_runtime-14.36.32532-hfdfe4a8_17.conda#91c1ecaf3996889532fc0456178b1058
https://conda.anaconda.org/nvidia/win-64/cuda-libraries-dev-11.8.0-0.tar.bz2#4dceddb905013e47bee99757d42dfdd4
https://conda.anaconda.org/nvidia/win-64/cuda-runtime-11.8.0-0.tar.bz2#9782ebd2dc96d2fd463c0d4a99254da6
https://conda.anaconda.org/conda-forge/win-64/vc-14.3-h64f974e_17.conda#67ff6791f235bb606659bf2a5c169191
https://conda.anaconda.org/conda-forge/win-64/vs2015_runtime-14.36.32532-h05e6639_17.conda#4618046c39f7c81861e53ded842e738a
https://conda.anaconda.org/conda-forge/win-64/bzip2-1.0.8-h8ffe710_4.tar.bz2#7c03c66026944073040cb19a4f3ec3c9
https://conda.anaconda.org/conda-forge/win-64/fmt-9.1.0-h181d51b_0.tar.bz2#31a20cf261b2bd0a76d670db1b3e6fa1
https://conda.anaconda.org/conda-forge/win-64/libffi-3.4.2-h8ffe710_5.tar.bz2#2c96d1b6915b408893f9472569dee135
https://conda.anaconda.org/conda-forge/win-64/libiconv-1.17-h8ffe710_0.tar.bz2#050119977a86e4856f0416e2edcf81bb
https://conda.anaconda.org/conda-forge/win-64/libsqlite-3.42.0-hcfcfb64_0.conda#9a71d93deb99cc09d8939d5235b5909a
https://conda.anaconda.org/conda-forge/win-64/libzlib-1.2.13-hcfcfb64_5.conda#5fdb9c6a113b6b6cb5e517fd972d5f41
https://conda.anaconda.org/conda-forge/win-64/lz4-c-1.9.4-hcfcfb64_0.conda#e34720eb20a33fc3bfb8451dd837ab7a
https://conda.anaconda.org/conda-forge/win-64/lzo-2.10-he774522_1000.tar.bz2#d5cf4b7eaa52316f135eed9e8548ad57
https://conda.anaconda.org/conda-forge/win-64/openssl-3.1.1-hcfcfb64_1.conda#1d913a5de46c6b2f7e4cfbd26b106b8b
https://conda.anaconda.org/conda-forge/win-64/pthreads-win32-2.9.1-hfa6e2cd_3.tar.bz2#e2da8758d7d51ff6aa78a14dfb9dbed4
https://conda.anaconda.org/pytorch/win-64/pytorch-cuda-11.8-h24eeafa_5.tar.bz2#6c31007cf6837eac42629e117ef1d947
https://conda.anaconda.org/conda-forge/win-64/reproc-14.2.4-hcfcfb64_0.conda#059e1351c1affff15b16aec51c6967a6
https://conda.anaconda.org/conda-forge/win-64/tk-8.6.12-h8ffe710_0.tar.bz2#c69a5047cc9291ae40afd4a1ad6f0c0f
https://conda.anaconda.org/conda-forge/win-64/xz-5.2.6-h8d14728_0.tar.bz2#515d77642eaa3639413c6b1bc3f94219
https://conda.anaconda.org/conda-forge/win-64/yaml-0.2.5-h8ffe710_2.tar.bz2#adbfb9f45d1004a26763652246a33764
https://conda.anaconda.org/conda-forge/win-64/yaml-cpp-0.7.0-h63175ca_2.tar.bz2#27c8a78ba0cd18268cfc7b04c5512162
https://conda.anaconda.org/conda-forge/win-64/krb5-1.20.1-heb0366b_0.conda#a07b05ee8f451ab15698397185efe989
https://conda.anaconda.org/conda-forge/win-64/libsolv-0.7.24-h12be248_1.conda#9b9e1559d74271bff7ac4eb51cfe56c4
https://conda.anaconda.org/conda-forge/win-64/libssh2-1.11.0-h7dfc565_0.conda#dc262d03aae04fe26825062879141a41
https://conda.anaconda.org/conda-forge/win-64/libxml2-2.11.4-hc3477c8_0.conda#586627982a63815637f871a6360fe3f9
https://conda.anaconda.org/conda-forge/win-64/python-3.10.10-h4de0772_0_cpython.conda#3f6ad634efe9e6fe40a916eb68cc3ee4
https://conda.anaconda.org/conda-forge/win-64/reproc-cpp-14.2.4-h63175ca_0.conda#a9ee9bbbbda9b32ec690c4909146770d
https://conda.anaconda.org/conda-forge/win-64/zstd-1.5.2-h12be248_7.conda#f3c3879d8cda1c5a6885435dd48a470e
https://conda.anaconda.org/conda-forge/noarch/appdirs-1.4.4-pyh9f0ad1d_0.tar.bz2#5f095bc6454094e96f146491fd03633b
https://conda.anaconda.org/conda-forge/noarch/attrs-23.1.0-pyh71513ae_1.conda#3edfead7cedd1ab4400a6c588f3e75f8
https://conda.anaconda.org/conda-forge/noarch/boltons-23.0.0-pyhd8ed1ab_0.conda#033eb25fffd222aceeca6d58cd953680
https://conda.anaconda.org/conda-forge/noarch/cachy-0.3.0-pyhd8ed1ab_1.tar.bz2#5dfee17f24e2dfd18d7392b48c9351e2
https://conda.anaconda.org/conda-forge/noarch/certifi-2023.5.7-pyhd8ed1ab_0.conda#5d1b71c942b8421285934dad1d891ebc
https://conda.anaconda.org/conda-forge/noarch/charset-normalizer-3.1.0-pyhd8ed1ab_0.conda#7fcff9f6f123696e940bda77bd4d6551
https://conda.anaconda.org/conda-forge/noarch/colorama-0.4.6-pyhd8ed1ab_0.tar.bz2#3faab06a954c2a04039983f2c4a50d99
https://conda.anaconda.org/conda-forge/noarch/crashtest-0.4.1-pyhd8ed1ab_0.tar.bz2#709a2295dd907bb34afb57d54320642f
https://conda.anaconda.org/conda-forge/noarch/distlib-0.3.6-pyhd8ed1ab_0.tar.bz2#b65b4d50dbd2d50fa0aeac367ec9eed7
https://conda.anaconda.org/conda-forge/noarch/filelock-3.12.2-pyhd8ed1ab_0.conda#53522ec72e6adae42bd373ef58357230
https://conda.anaconda.org/conda-forge/noarch/idna-3.4-pyhd8ed1ab_0.tar.bz2#34272b248891bddccc64479f9a7fffed
https://conda.anaconda.org/conda-forge/noarch/jsonpointer-2.0-py_0.tar.bz2#07d85c22a3beb102a48cd123df84c2a6
https://conda.anaconda.org/conda-forge/win-64/libarchive-3.6.2-h6f8411a_1.conda#314124476882f64abc20b76148d2909b
https://conda.anaconda.org/conda-forge/win-64/libcurl-8.1.2-h68f0423_0.conda#94b9b7d0e882461fdb72d8d4e7441746
https://conda.anaconda.org/conda-forge/win-64/libhwloc-2.9.1-nocuda_h15da153_6.conda#95b1bd8df3033d08ae5125ed69d71194
https://conda.anaconda.org/conda-forge/noarch/lockfile-0.12.2-py_1.tar.bz2#c104d98e09c47519950cffb8dd5b4f10
https://conda.anaconda.org/conda-forge/win-64/markupsafe-2.1.3-py310h8d17308_0.conda#e6deeae9d0dac4d17c6ef2fa62b3efff
https://conda.anaconda.org/conda-forge/win-64/menuinst-1.4.19-py310h5588dad_1.tar.bz2#15cfc917187d7c173647dd65d340259b
https://conda.anaconda.org/conda-forge/noarch/more-itertools-9.1.0-pyhd8ed1ab_0.conda#1698a717f83cfecf644a877c174c84bd
https://conda.anaconda.org/conda-forge/win-64/msgpack-python-1.0.5-py310h232114e_0.conda#03f6096e23f3861934af853ac987c185
https://conda.anaconda.org/conda-forge/noarch/packaging-23.1-pyhd8ed1ab_0.conda#91cda59e66e1e4afe9476f8ef98f5c30
https://conda.anaconda.org/conda-forge/noarch/pastel-0.2.1-pyhd8ed1ab_0.tar.bz2#a4eea5bff523f26442405bc5d1f52adb
https://conda.anaconda.org/conda-forge/noarch/pkginfo-1.9.6-pyhd8ed1ab_0.conda#be1e9f1c65a1ed0f2ae9352fec99db64
https://conda.anaconda.org/conda-forge/noarch/pkgutil-resolve-name-1.3.10-pyhd8ed1ab_0.tar.bz2#89e3c7cdde7d3aaa2aee933b604dd07f
https://conda.anaconda.org/conda-forge/noarch/pluggy-1.2.0-pyhd8ed1ab_0.conda#7263924c642d22e311d9e59b839f1b33
https://conda.anaconda.org/conda-forge/noarch/ptyprocess-0.7.0-pyhd3deb0d_0.tar.bz2#359eeb6536da0e687af562ed265ec263
https://conda.anaconda.org/conda-forge/win-64/pycosat-0.6.4-py310h8d17308_1.tar.bz2#3324f50e5d46a04309d8f8f956c17244
https://conda.anaconda.org/conda-forge/noarch/pycparser-2.21-pyhd8ed1ab_0.tar.bz2#076becd9e05608f8dc72757d5f3a91ff
https://conda.anaconda.org/conda-forge/noarch/pylev-1.4.0-pyhd8ed1ab_0.tar.bz2#edf8651c4379d9d1495ad6229622d150
https://conda.anaconda.org/conda-forge/noarch/python-installer-0.7.0-pyhd8ed1ab_0.conda#65dea78f903d686c8b0c2feaf0e15e1f
https://conda.anaconda.org/conda-forge/win-64/pywin32-ctypes-0.2.2-py310h5588dad_0.conda#9f60b973d0238c7e62a2324767acb62f
https://conda.anaconda.org/conda-forge/win-64/pyyaml-6.0-py310h8d17308_5.tar.bz2#d0daf3eed98dd2bf4337ed08d8011eb8
https://conda.anaconda.org/conda-forge/win-64/rpds-py-0.8.6-py310h87d50f1_0.conda#87ace460c065cc8de691ce8593da2bca
https://conda.anaconda.org/conda-forge/win-64/ruamel.yaml.clib-0.2.7-py310h8d17308_1.conda#e7cee92d4b0e9f8a68823d2501a87063
https://conda.anaconda.org/conda-forge/noarch/setuptools-68.0.0-pyhd8ed1ab_0.conda#5a7739d0f57ee64133c9d32e6507c46d
https://conda.anaconda.org/conda-forge/noarch/shellingham-1.5.1-pyhd8ed1ab_0.conda#1de44299f48f522caa2e0074231614e1
https://conda.anaconda.org/conda-forge/noarch/six-1.16.0-pyh6c4a22f_0.tar.bz2#e5f25f8dbc060e9a8d912e432202afc2
https://conda.anaconda.org/conda-forge/noarch/smmap-3.0.5-pyh44b312d_0.tar.bz2#3a8dc70789709aa315325d5df06fb7e4
https://conda.anaconda.org/conda-forge/noarch/tomli-2.0.1-pyhd8ed1ab_0.tar.bz2#5844808ffab9ebdb694585b50ba02a96
https://conda.anaconda.org/conda-forge/noarch/tomlkit-0.11.8-pyha770c72_0.conda#75838e8556166263a82038b51d01d5f1
https://conda.anaconda.org/conda-forge/noarch/toolz-0.12.0-pyhd8ed1ab_0.tar.bz2#92facfec94bc02d6ccf42e7173831a36
https://conda.anaconda.org/conda-forge/noarch/trove-classifiers-2023.7.6-pyhd8ed1ab_0.conda#c9918f6a3973e28a792e747289734cd3
https://conda.anaconda.org/conda-forge/noarch/typing_extensions-4.7.1-pyha770c72_0.conda#c39d6a09fe819de4951c2642629d9115
https://conda.anaconda.org/conda-forge/noarch/webencodings-0.5.1-py_1.tar.bz2#3563be4c5611a44210d9ba0c16113136
https://conda.anaconda.org/conda-forge/noarch/wheel-0.40.0-pyhd8ed1ab_0.conda#49bb0d9e60ce1db25e151780331bb5f3
https://conda.anaconda.org/conda-forge/noarch/win_inet_pton-1.1.0-pyhd8ed1ab_6.tar.bz2#30878ecc4bd36e8deeea1e3c151b2e0b
https://conda.anaconda.org/conda-forge/noarch/zipp-3.15.0-pyhd8ed1ab_0.conda#13018819ca8f5b7cc675a8faf1f5fedf
https://conda.anaconda.org/conda-forge/win-64/cffi-1.15.1-py310h628cb3f_3.conda#b7ca236d34501eb6a70691c1e29a0234
https://conda.anaconda.org/conda-forge/noarch/click-8.1.4-win_pyh7428d3b_0.conda#efa9a4c3abc022b74ea3485d830432c9
https://conda.anaconda.org/conda-forge/noarch/clikit-0.6.2-pyhd8ed1ab_2.conda#02abb7b66b02e8b9f5a9b05454400087
https://conda.anaconda.org/conda-forge/noarch/gitdb-4.0.10-pyhd8ed1ab_0.conda#3706d2f3d7cb5dae600c833345a76132
https://conda.anaconda.org/conda-forge/noarch/html5lib-1.1-pyh9f0ad1d_0.tar.bz2#b2355343d6315c892543200231d7154a
https://conda.anaconda.org/conda-forge/noarch/importlib-metadata-6.7.0-pyha770c72_0.conda#ba3786c6846e46038fe60c785d46dc81
https://conda.anaconda.org/conda-forge/noarch/importlib_resources-5.12.0-pyhd8ed1ab_0.conda#e5fd2260a231ee63b6969f4801082f2b
https://conda.anaconda.org/conda-forge/noarch/jaraco.classes-3.2.3-pyhd8ed1ab_0.tar.bz2#31e4a1506968d017229bdb64695013a1
https://conda.anaconda.org/conda-forge/noarch/jinja2-3.1.2-pyhd8ed1ab_1.tar.bz2#c8490ed5c70966d232fdd389d0dbed37
https://conda.anaconda.org/conda-forge/noarch/jsonpatch-1.32-pyhd8ed1ab_0.tar.bz2#09150b51b0528a31a0f6500b96fdde82
https://conda.anaconda.org/conda-forge/win-64/libmamba-1.4.7-ha24f096_0.conda#cf0ff831960e32df438be92ae4275612
https://conda.anaconda.org/conda-forge/noarch/pexpect-4.8.0-pyh1a96a4e_2.tar.bz2#330448ce4403cc74990ac07c555942a1
https://conda.anaconda.org/conda-forge/noarch/pip-23.1.2-pyhd8ed1ab_0.conda#7288da0d36821349cf1126e8670292df
https://conda.anaconda.org/conda-forge/noarch/pyproject_hooks-1.0.0-pyhd8ed1ab_0.conda#21de50391d584eb7f4441b9de1ad773f
https://conda.anaconda.org/conda-forge/noarch/pysocks-1.7.1-pyh0701188_6.tar.bz2#56cd9fe388baac0e90c7149cfac95b60
https://conda.anaconda.org/conda-forge/noarch/referencing-0.29.1-pyhd8ed1ab_0.conda#ec2794be57ba0a88e8e0277d51d58361
https://conda.anaconda.org/conda-forge/win-64/ruamel.yaml-0.17.32-py310h8d17308_0.conda#c13c515dcc8f25ea5407630e172ed83c
https://conda.anaconda.org/conda-forge/win-64/tbb-2021.9.0-h91493d7_0.conda#6aa3f1becefeaa00a4d2a79b2a478aee
https://conda.anaconda.org/conda-forge/noarch/tqdm-4.65.0-pyhd8ed1ab_1.conda#ed792aff3acb977d09c7013358097f83
https://conda.anaconda.org/conda-forge/noarch/typing-extensions-4.7.1-hd8ed1ab_0.conda#f96688577f1faa58096d06a45136afa2
https://conda.anaconda.org/conda-forge/noarch/annotated-types-0.5.0-pyhd8ed1ab_0.conda#578ae086f225bc2380c79f3b551ff2f7
https://conda.anaconda.org/conda-forge/win-64/brotlipy-0.7.0-py310h8d17308_1005.tar.bz2#6cb010e0fa21d7b606a13038a89ccbc2
https://conda.anaconda.org/conda-forge/noarch/click-default-group-1.2.2-pyhd8ed1ab_1.tar.bz2#72a46ffc25701c173932fd55cf0965d3
https://conda.anaconda.org/conda-forge/win-64/cryptography-41.0.1-py310h6e82f81_0.conda#dcd180d7b04ea819607366a35f323108
https://conda.anaconda.org/conda-forge/noarch/gitpython-3.1.31-pyhd8ed1ab_0.conda#f6e6b482110246a81c3f03e81c68752d
https://conda.anaconda.org/conda-forge/noarch/importlib_metadata-6.7.0-hd8ed1ab_0.conda#27a4cec373ec84d1c1aa02a1e37f8eaf
https://conda.anaconda.org/conda-forge/noarch/jsonschema-specifications-2023.6.1-pyhd8ed1ab_0.conda#f1c5c9ad5e7885a4c99d516fa4c791b4
https://conda.anaconda.org/conda-forge/win-64/libmambapy-1.4.7-py310h3fe4c2e_0.conda#287a2f43a275b29f0ed93485c1fda431
https://conda.anaconda.org/conda-forge/win-64/mkl-2022.1.0-h6a75c08_874.tar.bz2#2ff89a7337a9636029b4db9466e9f8e3
https://conda.anaconda.org/conda-forge/noarch/platformdirs-2.6.2-pyhd8ed1ab_0.conda#0b4cc3f8181b0d8446eb5387d7848a54
https://conda.anaconda.org/conda-forge/noarch/poetry-core-1.5.2-pyhd8ed1ab_0.conda#57569be9bdfc6baf2b28ee4ae5c6ed3a
https://conda.anaconda.org/conda-forge/win-64/pydantic-core-2.1.2-py310h87d50f1_0.conda#1586d01b5a437025b69c12e8f0686da6
https://conda.anaconda.org/conda-forge/noarch/python-build-0.10.0-pyhd8ed1ab_1.conda#0ab47ce574f6a8bcb9f2076436e7fedb
https://conda.anaconda.org/conda-forge/win-64/zstandard-0.19.0-py310h0009e47_2.conda#82b3f10667553f6d262593a16851fbba
https://conda.anaconda.org/conda-forge/noarch/conda-package-streaming-0.8.0-pyhd8ed1ab_0.conda#ebe3230a4c1e135954eee4fb6ef8cded
https://conda.anaconda.org/conda-forge/noarch/jsonschema-4.18.0-pyhd8ed1ab_0.conda#5c4e43c06a01637c67df037093722b68
https://conda.anaconda.org/conda-forge/win-64/keyring-23.13.1-py310h5588dad_0.conda#30210ff7bf71d7e193251e21d87f2838
https://conda.anaconda.org/conda-forge/win-64/libblas-3.9.0-17_win64_mkl.conda#9e42ac6b256b96bfaa19f829c25940e8
https://conda.anaconda.org/conda-forge/noarch/poetry-plugin-export-1.3.1-pyhd8ed1ab_0.conda#78092f3001808dbd1dbdb7166ccee64d
https://conda.anaconda.org/conda-forge/win-64/pydantic-2.0.2-py310h8d17308_1.conda#78b07b53551dd00376554b20508cb410
https://conda.anaconda.org/conda-forge/noarch/pyopenssl-23.2.0-pyhd8ed1ab_1.conda#34f7d568bf59d18e3fef8c405cbece21
https://conda.anaconda.org/conda-forge/win-64/virtualenv-20.16.5-py310h5588dad_1.tar.bz2#f86ddab521ef1f4f29f4d25fdb4ee255
https://conda.anaconda.org/conda-forge/noarch/conda-package-handling-2.0.2-pyh38be061_0.conda#44800e9bd13143292097c65e57323038
https://conda.anaconda.org/conda-forge/win-64/libcblas-3.9.0-17_win64_mkl.conda#768b2c3be666ecf9e62f939ea919f819
https://conda.anaconda.org/conda-forge/win-64/liblapack-3.9.0-17_win64_mkl.conda#278121fe8f0d65d496998aa290f36322
https://conda.anaconda.org/conda-forge/noarch/urllib3-1.26.15-pyhd8ed1ab_0.conda#27db656619a55d727eaf5a6ece3d2fd6
https://conda.anaconda.org/conda-forge/win-64/dulwich-0.21.5-py310h8d17308_0.conda#9c3adc3bcee36c492dcaaa682741d0da
https://conda.anaconda.org/conda-forge/win-64/numpy-1.25.0-py310hd02465a_0.conda#63be5dd380067c6db32243e6ca56e8e8
https://conda.anaconda.org/conda-forge/noarch/requests-2.31.0-pyhd8ed1ab_0.conda#a30144e4156cdbb236f99ebb49828f8b
https://conda.anaconda.org/conda-forge/noarch/cachecontrol-0.12.14-pyhd8ed1ab_0.conda#db23395890ef31be3c2320fb41b665b0
https://conda.anaconda.org/conda-forge/win-64/conda-23.5.0-py310h5588dad_1.conda#860fa4c59fc5becbb1678890039d1e07
https://conda.anaconda.org/conda-forge/noarch/ensureconda-1.4.3-pyhd8ed1ab_0.tar.bz2#c99ae3abf501990769047b4b40a98f17
https://conda.anaconda.org/conda-forge/win-64/rapidfuzz-2.15.1-py310h00ffb61_0.conda#7e623c5592d080ea8211f94e3755ee76
https://conda.anaconda.org/conda-forge/noarch/requests-toolbelt-0.10.1-pyhd8ed1ab_0.tar.bz2#a4cd20af9711434f89d1ec0d2b3ae6ba
https://conda.anaconda.org/conda-forge/noarch/cachecontrol-with-filecache-0.12.14-pyhd8ed1ab_0.conda#43ed0c094b39bb352382db8105ab0b94
https://conda.anaconda.org/conda-forge/noarch/cleo-2.0.1-pyhd8ed1ab_0.conda#f1c5f2af6676cbe9206e191d1e70f661
https://conda.anaconda.org/conda-forge/win-64/mamba-1.4.7-py310hd9d798f_0.conda#7b598d2978a3ac67e24b0b4314e35538
https://conda.anaconda.org/conda-forge/noarch/conda-lock-2.1.0-pyhd8ed1ab_0.conda#1e07afcf3d3e371fc3a3681fe9b78e90
https://conda.anaconda.org/conda-forge/noarch/poetry-1.4.2-win_pyhd8ed1ab_0.conda#7f6a24d76f0b2691eafbc8c32f23ee1d
